
Microsoft Visual Studio Solution File, Format Version 12.00
# Visual Studio Version 17
VisualStudioVersion = 17.4.33213.308
MinimumVisualStudioVersion = 10.0.40219.1
Project("{FAE04EC0-301F-11D3-BF4B-00C04F79EFBC}") = "FacotryExample", "FacotryExample\FacotryExample.csproj", "{298E723E-6A69-42BA-BCE4-5FDBBF514457}"
EndProject
Global
	GlobalSection(SolutionConfigurationPlatforms) = preSolution
		Debug|Any CPU = Debug|Any CPU
		Release|Any CPU = Release|Any CPU
	EndGlobalSection
	GlobalSection(ProjectConfigurationPlatforms) = postSolution
		{298E723E-6A69-42BA-BCE4-5FDBBF514457}.Debug|Any CPU.ActiveCfg = Debug|Any CPU
		{298E723E-6A69-42BA-BCE4-5FDBBF514457}.Debug|Any CPU.Build.0 = Debug|Any CPU
		{298E723E-6A69-42BA-BCE4-5FDBBF514457}.Release|Any CPU.ActiveCfg = Release|Any CPU
		{298E723E-6A69-42BA-BCE4-5FDBBF514457}.Release|Any CPU.Build.0 = Release|Any CPU
	EndGlobalSection
	GlobalSection(SolutionProperties) = preSolution
		HideSolutionNode = FALSE
	EndGlobalSection
	GlobalSection(ExtensibilityGlobals) = postSolution
		SolutionGuid = {14746C7C-215F-4D49-AF13-A80D78ED5F2C}
	EndGlobalSection
EndGlobal
